
Microsoft Visual Studio Solution File, Format Version 12.00
# Visual Studio 15
VisualStudioVersion = 15.0.28307.489
MinimumVisualStudioVersion = 10.0.40219.1
Project("{8BC9CEB8-8B4A-11D0-8D11-00A0C91BC942}") = "base1", "base1\base1.vcxproj", "{915AC140-474F-4BD6-A191-46A157E4E63F}"
EndProject
Project("{8BC9CEB8-8B4A-11D0-8D11-00A0C91BC942}") = "base_test", "base_test\base_test.vcxproj", "{F266A6B4-CBC2-41C0-9F55-056959ABA352}"
EndProject
Global
	GlobalSection(SolutionConfigurationPlatforms) = preSolution
		Debug|x64 = Debug|x64
		Debug|x86 = Debug|x86
		Release|x64 = Release|x64
		Release|x86 = Release|x86
	EndGlobalSection
	GlobalSection(ProjectConfigurationPlatforms) = postSolution
		{915AC140-474F-4BD6-A191-46A157E4E63F}.Debug|x64.ActiveCfg = Debug|x64
		{915AC140-474F-4BD6-A191-46A157E4E63F}.Debug|x64.Build.0 = Debug|x64
		{915AC140-474F-4BD6-A191-46A157E4E63F}.Debug|x86.ActiveCfg = Debug|Win32
		{915AC140-474F-4BD6-A191-46A157E4E63F}.Debug|x86.Build.0 = Debug|Win32
		{915AC140-474F-4BD6-A191-46A157E4E63F}.Release|x64.ActiveCfg = Release|x64
		{915AC140-474F-4BD6-A191-46A157E4E63F}.Release|x64.Build.0 = Release|x64
		{915AC140-474F-4BD6-A191-46A157E4E63F}.Release|x86.ActiveCfg = Release|Win32
		{915AC140-474F-4BD6-A191-46A157E4E63F}.Release|x86.Build.0 = Release|Win32
		{F266A6B4-CBC2-41C0-9F55-056959ABA352}.Debug|x64.ActiveCfg = Debug|Win32
		{F266A6B4-CBC2-41C0-9F55-056959ABA352}.Debug|x86.ActiveCfg = Debug|Win32
		{F266A6B4-CBC2-41C0-9F55-056959ABA352}.Debug|x86.Build.0 = Debug|Win32
		{F266A6B4-CBC2-41C0-9F55-056959ABA352}.Release|x64.ActiveCfg = Release|Win32
		{F266A6B4-CBC2-41C0-9F55-056959ABA352}.Release|x86.ActiveCfg = Release|Win32
		{F266A6B4-CBC2-41C0-9F55-056959ABA352}.Release|x86.Build.0 = Release|Win32
	EndGlobalSection
	GlobalSection(SolutionProperties) = preSolution
		HideSolutionNode = FALSE
	EndGlobalSection
	GlobalSection(ExtensibilityGlobals) = postSolution
		SolutionGuid = {C718E89C-B47A-4317-AC7E-AD85B2164323}
	EndGlobalSection
EndGlobal
